
Microsoft Visual Studio Solution File, Format Version 12.00
# Visual Studio Version 16
VisualStudioVersion = 16.0.32929.386
MinimumVisualStudioVersion = 10.0.40219.1
Project("{FAE04EC0-301F-11D3-BF4B-00C04F79EFBC}") = "Flying-Ball-Game", "Flying-Ball-Game.csproj", "{650B97EF-74FA-4AA7-8579-04A0A879C275}"
EndProject
Global
	GlobalSection(SolutionConfigurationPlatforms) = preSolution
		Debug|Any CPU = Debug|Any CPU
		Release|Any CPU = Release|Any CPU
	EndGlobalSection
	GlobalSection(ProjectConfigurationPlatforms) = postSolution
		{650B97EF-74FA-4AA7-8579-04A0A879C275}.Debug|Any CPU.ActiveCfg = Debug|Any CPU
		{650B97EF-74FA-4AA7-8579-04A0A879C275}.Debug|Any CPU.Build.0 = Debug|Any CPU
		{650B97EF-74FA-4AA7-8579-04A0A879C275}.Release|Any CPU.ActiveCfg = Release|Any CPU
		{650B97EF-74FA-4AA7-8579-04A0A879C275}.Release|Any CPU.Build.0 = Release|Any CPU
	EndGlobalSection
	GlobalSection(SolutionProperties) = preSolution
		HideSolutionNode = FALSE
	EndGlobalSection
	GlobalSection(ExtensibilityGlobals) = postSolution
		SolutionGuid = {0A4A2C45-453B-4E73-A97C-64708E467617}
	EndGlobalSection
EndGlobal
